
Microsoft Visual Studio Solution File, Format Version 12.00
# Visual Studio Version 16
VisualStudioVersion = 16.0.32106.194
MinimumVisualStudioVersion = 10.0.40219.1
Project("{FAE04EC0-301F-11D3-BF4B-00C04F79EFBC}") = "TestIronMountain", "TestIronMountain\TestIronMountain.csproj", "{A32B5E5A-7EE0-4310-9746-E585027633A1}"
EndProject
Global
	GlobalSection(SolutionConfigurationPlatforms) = preSolution
		Debug|Any CPU = Debug|Any CPU
		Release|Any CPU = Release|Any CPU
	EndGlobalSection
	GlobalSection(ProjectConfigurationPlatforms) = postSolution
		{A32B5E5A-7EE0-4310-9746-E585027633A1}.Debug|Any CPU.ActiveCfg = Debug|Any CPU
		{A32B5E5A-7EE0-4310-9746-E585027633A1}.Debug|Any CPU.Build.0 = Debug|Any CPU
		{A32B5E5A-7EE0-4310-9746-E585027633A1}.Release|Any CPU.ActiveCfg = Release|Any CPU
		{A32B5E5A-7EE0-4310-9746-E585027633A1}.Release|Any CPU.Build.0 = Release|Any CPU
	EndGlobalSection
	GlobalSection(SolutionProperties) = preSolution
		HideSolutionNode = FALSE
	EndGlobalSection
	GlobalSection(ExtensibilityGlobals) = postSolution
		SolutionGuid = {0A54F134-2BD6-4136-877B-AD424660D795}
	EndGlobalSection
EndGlobal
